{
  "nodes": {
    "disko": {
      "inputs": {
        "nixpkgs": [
          "nixpkgs"
        ]
      },
      "locked": {
        "lastModified": 1727531434,
        "narHash": "sha256-b+GBgCWd2N6pkiTkRZaMFOPztPO4IVTaclYPrQl2uLk=",
        "owner": "nix-community",
        "repo": "disko",
        "rev": "b709e1cc33fcde71c7db43850a55ebe6449d0959",
        "type": "github"
      },
      "original": {
        "owner": "nix-community",
        "repo": "disko",
        "type": "github"
      }
    },
    "nixos-facter-modules": {
      "locked": {
        "lastModified": 1727625453,
        "narHash": "sha256-WcqLz7d2Yrss02Y43mQXDQkvJPsK/ISZxQjd/uRcUQY=",
        "owner": "numtide",
        "repo": "nixos-facter-modules",
        "rev": "e1ac6a83a5733788833fdff12aa074b5bdfdc965",
        "type": "github"
      },
      "original": {
        "owner": "numtide",
        "repo": "nixos-facter-modules",
        "type": "github"
      }
    },
    "nixpkgs": {
      "locked": {
        "lastModified": 1727586919,
        "narHash": "sha256-e/YXG0tO5GWHDS8QQauj8aj4HhXEm602q9swrrlTlKQ=",
        "owner": "NixOS",
        "repo": "nixpkgs",
        "rev": "2dcd9c55e8914017226f5948ac22c53872a13ee2",
        "type": "github"
      },
      "original": {
        "owner": "NixOS",
        "ref": "nixpkgs-unstable",
        "repo": "nixpkgs",
        "type": "github"
      }
    },
    "root": {
      "inputs": {
        "disko": "disko",
        "nixos-facter-modules": "nixos-facter-modules",
        "nixpkgs": "nixpkgs"
      }
    }
  },
  "root": "root",
  "version": 7
}
